<?xml version="1.0" encoding="utf-8"?>
<Project ToolsVersion="4.0" xmlns="http://schemas.microsoft.com/developer/msbuild/2003">
  <ItemGroup>
    <ClInclude Include="stdafx.h" />
    <ClInclude Include="targetver.h" />
    <ClInclude Include="Error\Error.h">
      <Filter>Error</Filter>
    </ClInclude>
  </ItemGroup>
  <ItemGroup>
    <ClCompile Include="common.cpp" />
    <ClCompile Include="dllmain.cpp" />
    <ClCompile Include="stdafx.cpp" />
    <ClCompile Include="Error\Error.cpp">
      <Filter>Error</Filter>
    </ClCompile>
  </ItemGroup>
  <ItemGroup>
    <Filter Include="Error">
      <UniqueIdentifier>{e84d50bc-85cb-4a79-b997-7c7514fef9a9}</UniqueIdentifier>
    </Filter>
  </ItemGroup>
</Project>